%{"cowboy": {:hex, :cowboy, "1.0.2"},
  "cowlib": {:hex, :cowlib, "1.0.1"},
  "erlang_v8": {:git, "git://github.com/babie/erlang-v8.git", "9fe0724411c6ffdc21c81f98581a3d5ab028322a", [branch: "fix_make_error"]},
  "exjsx": {:hex, :exjsx, "3.2.0"},
  "jsx": {:hex, :jsx, "2.6.2"},
  "phoenix": {:hex, :phoenix, "0.17.1"},
  "phoenix_html": {:hex, :phoenix_html, "2.1.2"},
  "plug": {:hex, :plug, "1.0.0"},
  "poison": {:hex, :poison, "1.5.0"},
  "ranch": {:hex, :ranch, "1.1.0"}}
